{
  "version": 4,
  "terraform_version": "1.15.5",
  "serial": 35,
  "lineage": "5f965d14-a04d-3edb-b833-df70177fd667",
  "outputs": {
    "alb_url": {
      "value": "http://ecs-cicd-webapp-911763968.us-east-1.elb.amazonaws.com",
      "type": "string"
    },
    "ecr_repository_url": {
      "value": "439055360934.dkr.ecr.us-east-1.amazonaws.com/ecs-cicd-webapp",
      "type": "string"
    },
    "ecs_cluster_name": {
      "value": "ecs-cicd-webapp-cluster",
      "type": "string"
    },
    "ecs_service_name": {
      "value": "ecs-cicd-webapp",
      "type": "string"
    },
    "pipeline_name": {
      "value": "ecs-cicd-webapp-pipeline",
      "type": "string"
    }
  },
  "resources": [
    {
      "mode": "data",
      "type": "aws_availability_zones",
      "name": "available",
      "provider": "provider[\"registry.terraform.io/hashicorp/aws\"]",
      "instances": [
        {
          "schema_version": 0,
          "attributes": {
            "all_availability_zones": null,
            "exclude_names": null,
            "exclude_zone_ids": null,
            "filter": null,
            "group_names": [
              "us-east-1-zg-1"
            ],
            "id": "us-east-1",
            "names": [
              "us-east-1a",
              "us-east-1b",
              "us-east-1c",
              "us-east-1d",
              "us-east-1e",
              "us-east-1f"
            ],
            "state": "available",
            "timeouts": null,
            "zone_ids": [
              "use1-az4",
              "use1-az6",
              "use1-az1",
              "use1-az2",
              "use1-az3",
              "use1-az5"
            ]
          },
          "sensitive_attributes": [],
          "identity_schema_version": 0
        }
      ]
    },
    {
      "mode": "data",
      "type": "aws_caller_identity",
      "name": "current",
      "provider": "provider[\"registry.terraform.io/hashicorp/aws\"]",
      "instances": [
        {
          "schema_version": 0,
          "attributes": {
            "account_id": "439055360934",
            "arn": "arn:aws:iam::439055360934:user/Jerome",
            "id": "439055360934",
            "user_id": "AIDAWMON5EOTB2RYBLNGK"
          },
          "sensitive_attributes": [],
          "identity_schema_version": 0
        }
      ]
    },
    {
      "mode": "managed",
      "type": "aws_cloudwatch_log_group",
      "name": "app",
      "provider": "provider[\"registry.terraform.io/hashicorp/aws\"]",
      "instances": [
        {
          "schema_version": 0,
          "attributes": {
            "arn": "arn:aws:logs:us-east-1:439055360934:log-group:/ecs/ecs-cicd-webapp",
            "id": "/ecs/ecs-cicd-webapp",
            "kms_key_id": "",
            "log_group_class": "STANDARD",
            "name": "/ecs/ecs-cicd-webapp",
            "name_prefix": "",
            "retention_in_days": 14,
            "skip_destroy": false,
            "tags": {
              "ManagedBy": "Terraform",
              "Project": "ecs-cicd-webapp"
            },
            "tags_all": {
              "ManagedBy": "Terraform",
              "Project": "ecs-cicd-webapp"
            }
          },
          "sensitive_attributes": [],
          "identity_schema_version": 0,
          "private": "bnVsbA=="
        }
      ]
    },
    {
      "mode": "managed",
      "type": "aws_codebuild_project",
      "name": "app",
      "provider": "provider[\"registry.terraform.io/hashicorp/aws\"]",
      "instances": [
        {
          "schema_version": 0,
          "attributes": {
            "arn": "arn:aws:codebuild:us-east-1:439055360934:project/ecs-cicd-webapp-build",
            "artifacts": [
              {
                "artifact_identifier": "",
                "bucket_owner_access": "",
                "encryption_disabled": false,
                "location": "",
                "name": "ecs-cicd-webapp-build",
                "namespace_type": "",
                "override_artifact_name": false,
                "packaging": "NONE",
                "path": "",
                "type": "CODEPIPELINE"
              }
            ],
            "badge_enabled": false,
            "badge_url": "",
            "build_batch_config": [],
            "build_timeout": 60,
            "cache": [
              {
                "location": "",
                "modes": [],
                "type": "NO_CACHE"
              }
            ],
            "concurrent_build_limit": 0,
            "description": "",
            "encryption_key": "arn:aws:kms:us-east-1:439055360934:alias/aws/s3",
            "environment": [
              {
                "certificate": "",
                "compute_type": "BUILD_GENERAL1_SMALL",
                "environment_variable": [],
                "fleet": [],
                "image": "aws/codebuild/standard:7.0",
                "image_pull_credentials_type": "CODEBUILD",
                "privileged_mode": true,
                "registry_credential": [],
                "type": "LINUX_CONTAINER"
              }
            ],
            "file_system_locations": [],
            "id": "arn:aws:codebuild:us-east-1:439055360934:project/ecs-cicd-webapp-build",
            "logs_config": [
              {
                "cloudwatch_logs": [
                  {
                    "group_name": "",
                    "status": "ENABLED",
                    "stream_name": ""
                  }
                ],
                "s3_logs": [
                  {
                    "bucket_owner_access": "",
                    "encryption_disabled": false,
                    "location": "",
                    "status": "DISABLED"
                  }
                ]
              }
            ],
            "name": "ecs-cicd-webapp-build",
            "project_visibility": "PRIVATE",
            "public_project_alias": "",
            "queued_timeout": 480,
            "resource_access_role": "",
            "secondary_artifacts": [],
            "secondary_source_version": [],
            "secondary_sources": [],
            "service_role": "arn:aws:iam::439055360934:role/ecs-cicd-webapp-codebuild-role",
            "source": [
              {
                "auth": [],
                "build_status_config": [],
                "buildspec": "",
                "git_clone_depth": 0,
                "git_submodules_config": [],
                "insecure_ssl": false,
                "location": "",
                "report_build_status": false,
                "type": "CODEPIPELINE"
              }
            ],
            "source_version": "",
            "tags": null,
            "tags_all": {},
            "vpc_config": []
          },
          "sensitive_attributes": [],
          "identity_schema_version": 0,
          "private": "bnVsbA==",
          "dependencies": [
            "aws_iam_role.codebuild"
          ]
        }
      ]
    },
    {
      "mode": "managed",
      "type": "aws_codepipeline",
      "name": "app",
      "provider": "provider[\"registry.terraform.io/hashicorp/aws\"]",
      "instances": [
        {
          "schema_version": 0,
          "attributes": {
            "arn": "arn:aws:codepipeline:us-east-1:439055360934:ecs-cicd-webapp-pipeline",
            "artifact_store": [
              {
                "encryption_key": [],
                "location": "ecs-cicd-webapp-artifacts-9969b3c1",
                "region": "",
                "type": "S3"
              }
            ],
            "execution_mode": "SUPERSEDED",
            "id": "ecs-cicd-webapp-pipeline",
            "name": "ecs-cicd-webapp-pipeline",
            "pipeline_type": "V1",
            "role_arn": "arn:aws:iam::439055360934:role/ecs-cicd-webapp-codepipeline-role",
            "stage": [
              {
                "action": [
                  {
                    "category": "Source",
                    "configuration": {
                      "BranchName": "main",
                      "ConnectionArn": "arn:aws:codeconnections:us-east-1:439055360934:connection/b57b5291-78ce-4185-98f0-06e6bb677971",
                      "FullRepositoryId": "TheoMcCoy/ecs-cicd-webapp"
                    },
                    "input_artifacts": null,
                    "name": "GitHubSource",
                    "namespace": "",
                    "output_artifacts": [
                      "source_output"
                    ],
                    "owner": "AWS",
                    "provider": "CodeStarSourceConnection",
                    "region": "",
                    "role_arn": "",
                    "run_order": 1,
                    "timeout_in_minutes": 0,
                    "version": "1"
                  }
                ],
                "before_entry": [],
                "name": "Source",
                "on_failure": [],
                "on_success": []
              },
              {
                "action": [
                  {
                    "category": "Build",
                    "configuration": {
                      "ProjectName": "ecs-cicd-webapp-build"
                    },
                    "input_artifacts": [
                      "source_output"
                    ],
                    "name": "DockerBuild",
                    "namespace": "",
                    "output_artifacts": [
                      "build_output"
                    ],
                    "owner": "AWS",
                    "provider": "CodeBuild",
                    "region": "",
                    "role_arn": "",
                    "run_order": 1,
                    "timeout_in_minutes": 0,
                    "version": "1"
                  }
                ],
                "before_entry": [],
                "name": "Build",
                "on_failure": [],
                "on_success": []
              },
              {
                "action": [
                  {
                    "category": "Deploy",
                    "configuration": {
                      "ClusterName": "ecs-cicd-webapp-cluster",
                      "FileName": "imagedefinitions.json",
                      "ServiceName": "ecs-cicd-webapp"
                    },
                    "input_artifacts": [
                      "build_output"
                    ],
                    "name": "DeployToECS",
                    "namespace": "",
                    "output_artifacts": null,
                    "owner": "AWS",
                    "provider": "ECS",
                    "region": "",
                    "role_arn": "",
                    "run_order": 1,
                    "timeout_in_minutes": 0,
                    "version": "1"
                  }
                ],
                "before_entry": [],
                "name": "Deploy",
                "on_failure": [],
                "on_success": []
              }
            ],
            "tags": {
              "ManagedBy": "Terraform",
              "Project": "ecs-cicd-webapp"
            },
            "tags_all": {
              "ManagedBy": "Terraform",
              "Project": "ecs-cicd-webapp"
            },
            "trigger": [],
            "trigger_all": [],
            "variable": []
          },
          "sensitive_attributes": [],
          "identity_schema_version": 0,
          "private": "bnVsbA==",
          "dependencies": [
            "aws_cloudwatch_log_group.app",
            "aws_codebuild_project.app",
            "aws_ecr_repository.app",
            "aws_ecs_cluster.main",
            "aws_ecs_service.app",
            "aws_ecs_task_definition.app",
            "aws_iam_role.codebuild",
            "aws_iam_role.codepipeline",
            "aws_iam_role.ecs_task_execution",
            "aws_lb.app",
            "aws_lb_listener.http",
            "aws_lb_target_group.app",
            "aws_s3_bucket.artifacts",
            "aws_security_group.alb",
            "aws_security_group.ecs_tasks",
            "aws_subnet.public",
            "aws_vpc.main",
            "data.aws_availability_zones.available",
            "random_id.suffix"
          ]
        }
      ]
    },
    {
      "mode": "managed",
      "type": "aws_ecr_repository",
      "name": "app",
      "provider": "provider[\"registry.terraform.io/hashicorp/aws\"]",
      "instances": [
        {
          "schema_version": 0,
          "attributes": {
            "arn": "arn:aws:ecr:us-east-1:439055360934:repository/ecs-cicd-webapp",
            "encryption_configuration": [
              {
                "encryption_type": "AES256",
                "kms_key": ""
              }
            ],
            "force_delete": null,
            "id": "ecs-cicd-webapp",
            "image_scanning_configuration": [
              {
                "scan_on_push": true
              }
            ],
            "image_tag_mutability": "MUTABLE",
            "name": "ecs-cicd-webapp",
            "registry_id": "439055360934",
            "repository_url": "439055360934.dkr.ecr.us-east-1.amazonaws.com/ecs-cicd-webapp",
            "tags": {
              "ManagedBy": "Terraform",
              "Project": "ecs-cicd-webapp"
            },
            "tags_all": {
              "ManagedBy": "Terraform",
              "Project": "ecs-cicd-webapp"
            },
            "timeouts": null
          },
          "sensitive_attributes": [],
          "identity_schema_version": 0,
          "private": "eyJlMmJmYjczMC1lY2FhLTExZTYtOGY4OC0zNDM2M2JjN2M0YzAiOnsiZGVsZXRlIjoxMjAwMDAwMDAwMDAwfX0="
        }
      ]
    },
    {
      "mode": "managed",
      "type": "aws_ecs_cluster",
      "name": "main",
      "provider": "provider[\"registry.terraform.io/hashicorp/aws\"]",
      "instances": [
        {
          "schema_version": 0,
          "attributes": {
            "arn": "arn:aws:ecs:us-east-1:439055360934:cluster/ecs-cicd-webapp-cluster",
            "configuration": [],
            "id": "arn:aws:ecs:us-east-1:439055360934:cluster/ecs-cicd-webapp-cluster",
            "name": "ecs-cicd-webapp-cluster",
            "service_connect_defaults": [],
            "setting": [
              {
                "name": "containerInsights",
                "value": "disabled"
              }
            ],
            "tags": {
              "ManagedBy": "Terraform",
              "Project": "ecs-cicd-webapp"
            },
            "tags_all": {
              "ManagedBy": "Terraform",
              "Project": "ecs-cicd-webapp"
            }
          },
          "sensitive_attributes": [],
          "identity_schema_version": 0,
          "private": "bnVsbA=="
        }
      ]
    },
    {
      "mode": "managed",
      "type": "aws_ecs_service",
      "name": "app",
      "provider": "provider[\"registry.terraform.io/hashicorp/aws\"]",
      "instances": [
        {
          "schema_version": 1,
          "attributes": {
            "alarms": [],
            "availability_zone_rebalancing": "DISABLED",
            "capacity_provider_strategy": [],
            "cluster": "arn:aws:ecs:us-east-1:439055360934:cluster/ecs-cicd-webapp-cluster",
            "deployment_circuit_breaker": [
              {
                "enable": false,
                "rollback": false
              }
            ],
            "deployment_controller": [
              {
                "type": "ECS"
              }
            ],
            "deployment_maximum_percent": 200,
            "deployment_minimum_healthy_percent": 50,
            "desired_count": 2,
            "enable_ecs_managed_tags": false,
            "enable_execute_command": false,
            "force_delete": null,
            "force_new_deployment": null,
            "health_check_grace_period_seconds": 0,
            "iam_role": "/aws-service-role/ecs.amazonaws.com/AWSServiceRoleForECS",
            "id": "arn:aws:ecs:us-east-1:439055360934:service/ecs-cicd-webapp-cluster/ecs-cicd-webapp",
            "launch_type": "FARGATE",
            "load_balancer": [
              {
                "container_name": "web",
                "container_port": 8000,
                "elb_name": "",
                "target_group_arn": "arn:aws:elasticloadbalancing:us-east-1:439055360934:targetgroup/ecs-cicd-webapp-tg/1372f0afacc9ef0d"
              }
            ],
            "name": "ecs-cicd-webapp",
            "network_configuration": [
              {
                "assign_public_ip": true,
                "security_groups": [
                  "sg-00add921ff6feb0db"
                ],
                "subnets": [
                  "subnet-0646cdb1f5fcf7e2d",
                  "subnet-0af74fb9709fa813f"
                ]
              }
            ],
            "ordered_placement_strategy": [],
            "placement_constraints": [],
            "platform_version": "LATEST",
            "propagate_tags": "NONE",
            "scheduling_strategy": "REPLICA",
            "service_connect_configuration": [],
            "service_registries": [],
            "tags": {
              "ManagedBy": "Terraform",
              "Project": "ecs-cicd-webapp"
            },
            "tags_all": {
              "ManagedBy": "Terraform",
              "Project": "ecs-cicd-webapp"
            },
            "task_definition": "arn:aws:ecs:us-east-1:439055360934:task-definition/ecs-cicd-webapp:1",
            "timeouts": null,
            "triggers": {},
            "volume_configuration": [],
            "vpc_lattice_configurations": [],
            "wait_for_steady_state": false
          },
          "sensitive_attributes": [],
          "identity_schema_version": 0,
          "private": "eyJlMmJmYjczMC1lY2FhLTExZTYtOGY4OC0zNDM2M2JjN2M0YzAiOnsiY3JlYXRlIjoxMjAwMDAwMDAwMDAwLCJkZWxldGUiOjEyMDAwMDAwMDAwMDAsInVwZGF0ZSI6MTIwMDAwMDAwMDAwMH0sInNjaGVtYV92ZXJzaW9uIjoiMSJ9",
          "dependencies": [
            "aws_cloudwatch_log_group.app",
            "aws_ecr_repository.app",
            "aws_ecs_cluster.main",
            "aws_ecs_task_definition.app",
            "aws_iam_role.ecs_task_execution",
            "aws_lb.app",
            "aws_lb_listener.http",
            "aws_lb_target_group.app",
            "aws_security_group.alb",
            "aws_security_group.ecs_tasks",
            "aws_subnet.public",
            "aws_vpc.main",
            "data.aws_availability_zones.available"
          ]
        }
      ]
    },
    {
      "mode": "managed",
      "type": "aws_ecs_task_definition",
      "name": "app",
      "provider": "provider[\"registry.terraform.io/hashicorp/aws\"]",
      "instances": [
        {
          "schema_version": 1,
          "attributes": {
            "arn": "arn:aws:ecs:us-east-1:439055360934:task-definition/ecs-cicd-webapp:1",
            "arn_without_revision": "arn:aws:ecs:us-east-1:439055360934:task-definition/ecs-cicd-webapp",
            "container_definitions": "[{\"environment\":[],\"essential\":true,\"image\":\"439055360934.dkr.ecr.us-east-1.amazonaws.com/ecs-cicd-webapp:bootstrap\",\"logConfiguration\":{\"logDriver\":\"awslogs\",\"options\":{\"awslogs-region\":\"us-east-1\",\"awslogs-stream-prefix\":\"ecs\",\"awslogs-group\":\"/ecs/ecs-cicd-webapp\"}},\"mountPoints\":[],\"name\":\"web\",\"portMappings\":[{\"containerPort\":8000,\"hostPort\":8000,\"protocol\":\"tcp\"}],\"systemControls\":[],\"volumesFrom\":[]}]",
            "cpu": "256",
            "enable_fault_injection": false,
            "ephemeral_storage": [],
            "execution_role_arn": "arn:aws:iam::439055360934:role/ecs-cicd-webapp-ecs-task-execution-role",
            "family": "ecs-cicd-webapp",
            "id": "ecs-cicd-webapp",
            "inference_accelerator": [],
            "ipc_mode": "",
            "memory": "512",
            "network_mode": "awsvpc",
            "pid_mode": "",
            "placement_constraints": [],
            "proxy_configuration": [],
            "requires_compatibilities": [
              "FARGATE"
            ],
            "revision": 1,
            "runtime_platform": [],
            "skip_destroy": false,
            "tags": null,
            "tags_all": {},
            "task_role_arn": "",
            "track_latest": false,
            "volume": []
          },
          "sensitive_attributes": [],
          "identity_schema_version": 0,
          "private": "eyJzY2hlbWFfdmVyc2lvbiI6IjEifQ==",
          "dependencies": [
            "aws_cloudwatch_log_group.app",
            "aws_ecr_repository.app",
            "aws_iam_role.ecs_task_execution"
          ]
        }
      ]
    },
    {
      "mode": "managed",
      "type": "aws_iam_role",
      "name": "codebuild",
      "provider": "provider[\"registry.terraform.io/hashicorp/aws\"]",
      "instances": [
        {
          "schema_version": 0,
          "attributes": {
            "arn": "arn:aws:iam::439055360934:role/ecs-cicd-webapp-codebuild-role",
            "assume_role_policy": "{\"Statement\":[{\"Action\":\"sts:AssumeRole\",\"Effect\":\"Allow\",\"Principal\":{\"Service\":\"codebuild.amazonaws.com\"}}],\"Version\":\"2012-10-17\"}",
            "create_date": "2026-06-10T10:15:48Z",
            "description": "",
            "force_detach_policies": false,
            "id": "ecs-cicd-webapp-codebuild-role",
            "inline_policy": [],
            "managed_policy_arns": [],
            "max_session_duration": 3600,
            "name": "ecs-cicd-webapp-codebuild-role",
            "name_prefix": "",
            "path": "/",
            "permissions_boundary": "",
            "tags": null,
            "tags_all": {},
            "unique_id": "AROAWMON5EOTLJC27XIBA"
          },
          "sensitive_attributes": [],
          "identity_schema_version": 0,
          "private": "bnVsbA=="
        }
      ]
    },
    {
      "mode": "managed",
      "type": "aws_iam_role",
      "name": "codepipeline",
      "provider": "provider[\"registry.terraform.io/hashicorp/aws\"]",
      "instances": [
        {
          "schema_version": 0,
          "attributes": {
            "arn": "arn:aws:iam::439055360934:role/ecs-cicd-webapp-codepipeline-role",
            "assume_role_policy": "{\"Statement\":[{\"Action\":\"sts:AssumeRole\",\"Effect\":\"Allow\",\"Principal\":{\"Service\":\"codepipeline.amazonaws.com\"}}],\"Version\":\"2012-10-17\"}",
            "create_date": "2026-06-10T10:15:48Z",
            "description": "",
            "force_detach_policies": false,
            "id": "ecs-cicd-webapp-codepipeline-role",
            "inline_policy": [],
            "managed_policy_arns": [],
            "max_session_duration": 3600,
            "name": "ecs-cicd-webapp-codepipeline-role",
            "name_prefix": "",
            "path": "/",
            "permissions_boundary": "",
            "tags": null,
            "tags_all": {},
            "unique_id": "AROAWMON5EOTNDJZ7367Z"
          },
          "sensitive_attributes": [],
          "identity_schema_version": 0,
          "private": "bnVsbA=="
        }
      ]
    },
    {
      "mode": "managed",
      "type": "aws_iam_role",
      "name": "ecs_task_execution",
      "provider": "provider[\"registry.terraform.io/hashicorp/aws\"]",
      "instances": [
        {
          "schema_version": 0,
          "attributes": {
            "arn": "arn:aws:iam::439055360934:role/ecs-cicd-webapp-ecs-task-execution-role",
            "assume_role_policy": "{\"Statement\":[{\"Action\":\"sts:AssumeRole\",\"Effect\":\"Allow\",\"Principal\":{\"Service\":\"ecs-tasks.amazonaws.com\"}}],\"Version\":\"2012-10-17\"}",
            "create_date": "2026-06-10T10:15:48Z",
            "description": "",
            "force_detach_policies": false,
            "id": "ecs-cicd-webapp-ecs-task-execution-role",
            "inline_policy": [],
            "managed_policy_arns": [],
            "max_session_duration": 3600,
            "name": "ecs-cicd-webapp-ecs-task-execution-role",
            "name_prefix": "",
            "path": "/",
            "permissions_boundary": "",
            "tags": null,
            "tags_all": {},
            "unique_id": "AROAWMON5EOTH6O4OWHW4"
          },
          "sensitive_attributes": [],
          "identity_schema_version": 0,
          "private": "bnVsbA=="
        }
      ]
    },
    {
      "mode": "managed",
      "type": "aws_iam_role_policy",
      "name": "codebuild",
      "provider": "provider[\"registry.terraform.io/hashicorp/aws\"]",
      "instances": [
        {
          "schema_version": 0,
          "attributes": {
            "id": "ecs-cicd-webapp-codebuild-role:ecs-cicd-webapp-codebuild-policy",
            "name": "ecs-cicd-webapp-codebuild-policy",
            "name_prefix": "",
            "policy": "{\"Version\":\"2012-10-17\",\"Statement\":[{\"Action\":[\"logs:CreateLogGroup\",\"logs:CreateLogStream\",\"logs:PutLogEvents\",\"ecr:GetAuthorizationToken\"],\"Effect\":\"Allow\",\"Resource\":\"*\"},{\"Action\":[\"ecr:BatchCheckLayerAvailability\",\"ecr:CompleteLayerUpload\",\"ecr:InitiateLayerUpload\",\"ecr:PutImage\",\"ecr:UploadLayerPart\"],\"Effect\":\"Allow\",\"Resource\":\"arn:aws:ecr:us-east-1:439055360934:repository/ecs-cicd-webapp\"},{\"Action\":[\"s3:GetObject\",\"s3:PutObject\",\"s3:GetObjectVersion\"],\"Effect\":\"Allow\",\"Resource\":\"arn:aws:s3:::ecs-cicd-webapp-artifacts-9969b3c1/*\"}]}",
            "role": "ecs-cicd-webapp-codebuild-role"
          },
          "sensitive_attributes": [],
          "identity_schema_version": 0,
          "private": "bnVsbA==",
          "dependencies": [
            "aws_ecr_repository.app",
            "aws_iam_role.codebuild",
            "aws_s3_bucket.artifacts",
            "random_id.suffix"
          ]
        }
      ]
    },
    {
      "mode": "managed",
      "type": "aws_iam_role_policy",
      "name": "codepipeline",
      "provider": "provider[\"registry.terraform.io/hashicorp/aws\"]",
      "instances": [
        {
          "schema_version": 0,
          "attributes": {
            "id": "ecs-cicd-webapp-codepipeline-role:ecs-cicd-webapp-codepipeline-policy",
            "name": "ecs-cicd-webapp-codepipeline-policy",
            "name_prefix": "",
            "policy": "{\"Version\":\"2012-10-17\",\"Statement\":[{\"Action\":[\"s3:GetObject\",\"s3:GetObjectVersion\",\"s3:PutObject\"],\"Effect\":\"Allow\",\"Resource\":\"arn:aws:s3:::ecs-cicd-webapp-artifacts-9969b3c1/*\"},{\"Action\":[\"codestar-connections:UseConnection\"],\"Effect\":\"Allow\",\"Resource\":\"arn:aws:codeconnections:us-east-1:439055360934:connection/b57b5291-78ce-4185-98f0-06e6bb677971\"},{\"Action\":[\"codebuild:BatchGetBuilds\",\"codebuild:StartBuild\"],\"Effect\":\"Allow\",\"Resource\":\"arn:aws:codebuild:us-east-1:439055360934:project/ecs-cicd-webapp-build\"},{\"Action\":[\"ecs:DescribeServices\",\"ecs:DescribeTaskDefinition\",\"ecs:DescribeTasks\",\"ecs:ListTasks\",\"ecs:RegisterTaskDefinition\",\"ecs:UpdateService\"],\"Effect\":\"Allow\",\"Resource\":\"*\"},{\"Action\":\"iam:PassRole\",\"Effect\":\"Allow\",\"Resource\":\"arn:aws:iam::439055360934:role/ecs-cicd-webapp-ecs-task-execution-role\"}]}",
            "role": "ecs-cicd-webapp-codepipeline-role"
          },
          "sensitive_attributes": [],
          "identity_schema_version": 0,
          "private": "bnVsbA==",
          "dependencies": [
            "aws_codebuild_project.app",
            "aws_iam_role.codebuild",
            "aws_iam_role.codepipeline",
            "aws_iam_role.ecs_task_execution",
            "aws_s3_bucket.artifacts",
            "random_id.suffix"
          ]
        }
      ]
    },
    {
      "mode": "managed",
      "type": "aws_iam_role_policy_attachment",
      "name": "ecs_task_execution",
      "provider": "provider[\"registry.terraform.io/hashicorp/aws\"]",
      "instances": [
        {
          "schema_version": 0,
          "attributes": {
            "id": "ecs-cicd-webapp-ecs-task-execution-role-20260610101549896900000001",
            "policy_arn": "arn:aws:iam::aws:policy/service-role/AmazonECSTaskExecutionRolePolicy",
            "role": "ecs-cicd-webapp-ecs-task-execution-role"
          },
          "sensitive_attributes": [],
          "identity_schema_version": 0,
          "private": "bnVsbA==",
          "dependencies": [
            "aws_iam_role.ecs_task_execution"
          ]
        }
      ]
    },
    {
      "mode": "managed",
      "type": "aws_internet_gateway",
      "name": "main",
      "provider": "provider[\"registry.terraform.io/hashicorp/aws\"]",
      "instances": [
        {
          "schema_version": 0,
          "attributes": {
            "arn": "arn:aws:ec2:us-east-1:439055360934:internet-gateway/igw-0ce968d0b7200c4d2",
            "id": "igw-0ce968d0b7200c4d2",
            "owner_id": "439055360934",
            "tags": {
              "ManagedBy": "Terraform",
              "Name": "ecs-cicd-webapp-igw",
              "Project": "ecs-cicd-webapp"
            },
            "tags_all": {
              "ManagedBy": "Terraform",
              "Name": "ecs-cicd-webapp-igw",
              "Project": "ecs-cicd-webapp"
            },
            "timeouts": null,
            "vpc_id": "vpc-07151a48f59030694"
          },
          "sensitive_attributes": [],
          "identity_schema_version": 0,
          "private": "eyJlMmJmYjczMC1lY2FhLTExZTYtOGY4OC0zNDM2M2JjN2M0YzAiOnsiY3JlYXRlIjoxMjAwMDAwMDAwMDAwLCJkZWxldGUiOjEyMDAwMDAwMDAwMDAsInVwZGF0ZSI6MTIwMDAwMDAwMDAwMH19",
          "dependencies": [
            "aws_vpc.main"
          ]
        }
      ]
    },
    {
      "mode": "managed",
      "type": "aws_lb",
      "name": "app",
      "provider": "provider[\"registry.terraform.io/hashicorp/aws\"]",
      "instances": [
        {
          "schema_version": 0,
          "attributes": {
            "access_logs": [
              {
                "bucket": "",
                "enabled": false,
                "prefix": ""
              }
            ],
            "arn": "arn:aws:elasticloadbalancing:us-east-1:439055360934:loadbalancer/app/ecs-cicd-webapp/39a4fc0ca7e348f8",
            "arn_suffix": "app/ecs-cicd-webapp/39a4fc0ca7e348f8",
            "client_keep_alive": 3600,
            "connection_logs": [
              {
                "bucket": "",
                "enabled": false,
                "prefix": ""
              }
            ],
            "customer_owned_ipv4_pool": "",
            "desync_mitigation_mode": "defensive",
            "dns_name": "ecs-cicd-webapp-911763968.us-east-1.elb.amazonaws.com",
            "dns_record_client_routing_policy": null,
            "drop_invalid_header_fields": false,
            "enable_cross_zone_load_balancing": true,
            "enable_deletion_protection": false,
            "enable_http2": true,
            "enable_tls_version_and_cipher_suite_headers": false,
            "enable_waf_fail_open": false,
            "enable_xff_client_port": false,
            "enable_zonal_shift": false,
            "enforce_security_group_inbound_rules_on_private_link_traffic": "",
            "id": "arn:aws:elasticloadbalancing:us-east-1:439055360934:loadbalancer/app/ecs-cicd-webapp/39a4fc0ca7e348f8",
            "idle_timeout": 60,
            "internal": false,
            "ip_address_type": "ipv4",
            "ipam_pools": [],
            "load_balancer_type": "application",
            "minimum_load_balancer_capacity": [],
            "name": "ecs-cicd-webapp",
            "name_prefix": "",
            "preserve_host_header": false,
            "security_groups": [
              "sg-04dc3aab0f32516cf"
            ],
            "subnet_mapping": [
              {
                "allocation_id": "",
                "ipv6_address": "",
                "outpost_id": "",
                "private_ipv4_address": "",
                "subnet_id": "subnet-0646cdb1f5fcf7e2d"
              },
              {
                "allocation_id": "",
                "ipv6_address": "",
                "outpost_id": "",
                "private_ipv4_address": "",
                "subnet_id": "subnet-0af74fb9709fa813f"
              }
            ],
            "subnets": [
              "subnet-0646cdb1f5fcf7e2d",
              "subnet-0af74fb9709fa813f"
            ],
            "tags": {
              "ManagedBy": "Terraform",
              "Project": "ecs-cicd-webapp"
            },
            "tags_all": {
              "ManagedBy": "Terraform",
              "Project": "ecs-cicd-webapp"
            },
            "timeouts": null,
            "vpc_id": "vpc-07151a48f59030694",
            "xff_header_processing_mode": "append",
            "zone_id": "Z35SXDOTRQ7X7K"
          },
          "sensitive_attributes": [],
          "identity_schema_version": 0,
          "private": "eyJlMmJmYjczMC1lY2FhLTExZTYtOGY4OC0zNDM2M2JjN2M0YzAiOnsiY3JlYXRlIjo2MDAwMDAwMDAwMDAsImRlbGV0ZSI6NjAwMDAwMDAwMDAwLCJ1cGRhdGUiOjYwMDAwMDAwMDAwMH19",
          "dependencies": [
            "aws_security_group.alb",
            "aws_subnet.public",
            "aws_vpc.main",
            "data.aws_availability_zones.available"
          ]
        }
      ]
    },
    {
      "mode": "managed",
      "type": "aws_lb_listener",
      "name": "http",
      "provider": "provider[\"registry.terraform.io/hashicorp/aws\"]",
      "instances": [
        {
          "schema_version": 0,
          "attributes": {
            "alpn_policy": null,
            "arn": "arn:aws:elasticloadbalancing:us-east-1:439055360934:listener/app/ecs-cicd-webapp/39a4fc0ca7e348f8/d3e9f6411f7b5edd",
            "certificate_arn": null,
            "default_action": [
              {
                "authenticate_cognito": [],
                "authenticate_oidc": [],
                "fixed_response": [],
                "forward": [],
                "order": 1,
                "redirect": [],
                "target_group_arn": "arn:aws:elasticloadbalancing:us-east-1:439055360934:targetgroup/ecs-cicd-webapp-tg/1372f0afacc9ef0d",
                "type": "forward"
              }
            ],
            "id": "arn:aws:elasticloadbalancing:us-east-1:439055360934:listener/app/ecs-cicd-webapp/39a4fc0ca7e348f8/d3e9f6411f7b5edd",
            "load_balancer_arn": "arn:aws:elasticloadbalancing:us-east-1:439055360934:loadbalancer/app/ecs-cicd-webapp/39a4fc0ca7e348f8",
            "mutual_authentication": [],
            "port": 80,
            "protocol": "HTTP",
            "routing_http_request_x_amzn_mtls_clientcert_header_name": null,
            "routing_http_request_x_amzn_mtls_clientcert_issuer_header_name": null,
            "routing_http_request_x_amzn_mtls_clientcert_leaf_header_name": null,
            "routing_http_request_x_amzn_mtls_clientcert_serial_number_header_name": null,
            "routing_http_request_x_amzn_mtls_clientcert_subject_header_name": null,
            "routing_http_request_x_amzn_mtls_clientcert_validity_header_name": null,
            "routing_http_request_x_amzn_tls_cipher_suite_header_name": null,
            "routing_http_request_x_amzn_tls_version_header_name": null,
            "routing_http_response_access_control_allow_credentials_header_value": "",
            "routing_http_response_access_control_allow_headers_header_value": "",
            "routing_http_response_access_control_allow_methods_header_value": "",
            "routing_http_response_access_control_allow_origin_header_value": "",
            "routing_http_response_access_control_expose_headers_header_value": "",
            "routing_http_response_access_control_max_age_header_value": "",
            "routing_http_response_content_security_policy_header_value": "",
            "routing_http_response_server_enabled": true,
            "routing_http_response_strict_transport_security_header_value": "",
            "routing_http_response_x_content_type_options_header_value": "",
            "routing_http_response_x_frame_options_header_value": "",
            "ssl_policy": "",
            "tags": null,
            "tags_all": {},
            "tcp_idle_timeout_seconds": null,
            "timeouts": null
          },
          "sensitive_attributes": [],
          "identity_schema_version": 0,
          "private": "eyJlMmJmYjczMC1lY2FhLTExZTYtOGY4OC0zNDM2M2JjN2M0YzAiOnsiY3JlYXRlIjozMDAwMDAwMDAwMDAsInVwZGF0ZSI6MzAwMDAwMDAwMDAwfX0=",
          "dependencies": [
            "aws_lb.app",
            "aws_lb_target_group.app",
            "aws_security_group.alb",
            "aws_subnet.public",
            "aws_vpc.main",
            "data.aws_availability_zones.available"
          ]
        }
      ]
    },
    {
      "mode": "managed",
      "type": "aws_lb_target_group",
      "name": "app",
      "provider": "provider[\"registry.terraform.io/hashicorp/aws\"]",
      "instances": [
        {
          "schema_version": 0,
          "attributes": {
            "arn": "arn:aws:elasticloadbalancing:us-east-1:439055360934:targetgroup/ecs-cicd-webapp-tg/1372f0afacc9ef0d",
            "arn_suffix": "targetgroup/ecs-cicd-webapp-tg/1372f0afacc9ef0d",
            "connection_termination": null,
            "deregistration_delay": "300",
            "health_check": [
              {
                "enabled": true,
                "healthy_threshold": 2,
                "interval": 30,
                "matcher": "200",
                "path": "/health",
                "port": "traffic-port",
                "protocol": "HTTP",
                "timeout": 5,
                "unhealthy_threshold": 3
              }
            ],
            "id": "arn:aws:elasticloadbalancing:us-east-1:439055360934:targetgroup/ecs-cicd-webapp-tg/1372f0afacc9ef0d",
            "ip_address_type": "ipv4",
            "lambda_multi_value_headers_enabled": false,
            "load_balancer_arns": [],
            "load_balancing_algorithm_type": "round_robin",
            "load_balancing_anomaly_mitigation": "off",
            "load_balancing_cross_zone_enabled": "use_load_balancer_configuration",
            "name": "ecs-cicd-webapp-tg",
            "name_prefix": "",
            "port": 8000,
            "preserve_client_ip": null,
            "protocol": "HTTP",
            "protocol_version": "HTTP1",
            "proxy_protocol_v2": false,
            "slow_start": 0,
            "stickiness": [
              {
                "cookie_duration": 86400,
                "cookie_name": "",
                "enabled": false,
                "type": "lb_cookie"
              }
            ],
            "tags": {
              "ManagedBy": "Terraform",
              "Project": "ecs-cicd-webapp"
            },
            "tags_all": {
              "ManagedBy": "Terraform",
              "Project": "ecs-cicd-webapp"
            },
            "target_failover": [
              {
                "on_deregistration": null,
                "on_unhealthy": null
              }
            ],
            "target_group_health": [
              {
                "dns_failover": [
                  {
                    "minimum_healthy_targets_count": "1",
                    "minimum_healthy_targets_percentage": "off"
                  }
                ],
                "unhealthy_state_routing": [
                  {
                    "minimum_healthy_targets_count": 1,
                    "minimum_healthy_targets_percentage": "off"
                  }
                ]
              }
            ],
            "target_health_state": [
              {
                "enable_unhealthy_connection_termination": null,
                "unhealthy_draining_interval": null
              }
            ],
            "target_type": "ip",
            "vpc_id": "vpc-07151a48f59030694"
          },
          "sensitive_attributes": [],
          "identity_schema_version": 0,
          "private": "bnVsbA==",
          "dependencies": [
            "aws_vpc.main"
          ]
        }
      ]
    },
    {
      "mode": "managed",
      "type": "aws_route",
      "name": "internet",
      "provider": "provider[\"registry.terraform.io/hashicorp/aws\"]",
      "instances": [
        {
          "schema_version": 0,
          "attributes": {
            "carrier_gateway_id": "",
            "core_network_arn": "",
            "destination_cidr_block": "0.0.0.0/0",
            "destination_ipv6_cidr_block": "",
            "destination_prefix_list_id": "",
            "egress_only_gateway_id": "",
            "gateway_id": "igw-0ce968d0b7200c4d2",
            "id": "r-rtb-0b7dc979ef6704a781080289494",
            "instance_id": "",
            "instance_owner_id": "",
            "local_gateway_id": "",
            "nat_gateway_id": "",
            "network_interface_id": "",
            "origin": "CreateRoute",
            "route_table_id": "rtb-0b7dc979ef6704a78",
            "state": "active",
            "timeouts": null,
            "transit_gateway_id": "",
            "vpc_endpoint_id": "",
            "vpc_peering_connection_id": ""
          },
          "sensitive_attributes": [],
          "identity_schema_version": 0,
          "private": "eyJlMmJmYjczMC1lY2FhLTExZTYtOGY4OC0zNDM2M2JjN2M0YzAiOnsiY3JlYXRlIjozMDAwMDAwMDAwMDAsImRlbGV0ZSI6MzAwMDAwMDAwMDAwLCJ1cGRhdGUiOjEyMDAwMDAwMDAwMH19",
          "dependencies": [
            "aws_internet_gateway.main",
            "aws_route_table.public",
            "aws_vpc.main"
          ]
        }
      ]
    },
    {
      "mode": "managed",
      "type": "aws_route_table",
      "name": "public",
      "provider": "provider[\"registry.terraform.io/hashicorp/aws\"]",
      "instances": [
        {
          "schema_version": 0,
          "attributes": {
            "arn": "arn:aws:ec2:us-east-1:439055360934:route-table/rtb-0b7dc979ef6704a78",
            "id": "rtb-0b7dc979ef6704a78",
            "owner_id": "439055360934",
            "propagating_vgws": [],
            "route": [],
            "tags": {
              "ManagedBy": "Terraform",
              "Name": "ecs-cicd-webapp-public-rt",
              "Project": "ecs-cicd-webapp"
            },
            "tags_all": {
              "ManagedBy": "Terraform",
              "Name": "ecs-cicd-webapp-public-rt",
              "Project": "ecs-cicd-webapp"
            },
            "timeouts": null,
            "vpc_id": "vpc-07151a48f59030694"
          },
          "sensitive_attributes": [],
          "identity_schema_version": 0,
          "private": "eyJlMmJmYjczMC1lY2FhLTExZTYtOGY4OC0zNDM2M2JjN2M0YzAiOnsiY3JlYXRlIjozMDAwMDAwMDAwMDAsImRlbGV0ZSI6MzAwMDAwMDAwMDAwLCJ1cGRhdGUiOjEyMDAwMDAwMDAwMH19",
          "dependencies": [
            "aws_vpc.main"
          ]
        }
      ]
    },
    {
      "mode": "managed",
      "type": "aws_route_table_association",
      "name": "public",
      "provider": "provider[\"registry.terraform.io/hashicorp/aws\"]",
      "instances": [
        {
          "index_key": 0,
          "schema_version": 0,
          "attributes": {
            "gateway_id": "",
            "id": "rtbassoc-06e38df39e8ca643a",
            "route_table_id": "rtb-0b7dc979ef6704a78",
            "subnet_id": "subnet-0646cdb1f5fcf7e2d",
            "timeouts": null
          },
          "sensitive_attributes": [],
          "identity_schema_version": 0,
          "private": "eyJlMmJmYjczMC1lY2FhLTExZTYtOGY4OC0zNDM2M2JjN2M0YzAiOnsiY3JlYXRlIjozMDAwMDAwMDAwMDAsImRlbGV0ZSI6MzAwMDAwMDAwMDAwLCJ1cGRhdGUiOjEyMDAwMDAwMDAwMH19",
          "dependencies": [
            "aws_route_table.public",
            "aws_subnet.public",
            "aws_vpc.main",
            "data.aws_availability_zones.available"
          ]
        },
        {
          "index_key": 1,
          "schema_version": 0,
          "attributes": {
            "gateway_id": "",
            "id": "rtbassoc-008e30e8afca69de9",
            "route_table_id": "rtb-0b7dc979ef6704a78",
            "subnet_id": "subnet-0af74fb9709fa813f",
            "timeouts": null
          },
          "sensitive_attributes": [],
          "identity_schema_version": 0,
          "private": "eyJlMmJmYjczMC1lY2FhLTExZTYtOGY4OC0zNDM2M2JjN2M0YzAiOnsiY3JlYXRlIjozMDAwMDAwMDAwMDAsImRlbGV0ZSI6MzAwMDAwMDAwMDAwLCJ1cGRhdGUiOjEyMDAwMDAwMDAwMH19",
          "dependencies": [
            "aws_route_table.public",
            "aws_subnet.public",
            "aws_vpc.main",
            "data.aws_availability_zones.available"
          ]
        }
      ]
    },
    {
      "mode": "managed",
      "type": "aws_s3_bucket",
      "name": "artifacts",
      "provider": "provider[\"registry.terraform.io/hashicorp/aws\"]",
      "instances": [
        {
          "schema_version": 0,
          "attributes": {
            "acceleration_status": "",
            "acl": null,
            "arn": "arn:aws:s3:::ecs-cicd-webapp-artifacts-9969b3c1",
            "bucket": "ecs-cicd-webapp-artifacts-9969b3c1",
            "bucket_domain_name": "ecs-cicd-webapp-artifacts-9969b3c1.s3.amazonaws.com",
            "bucket_prefix": "",
            "bucket_regional_domain_name": "ecs-cicd-webapp-artifacts-9969b3c1.s3.us-east-1.amazonaws.com",
            "cors_rule": [],
            "force_destroy": true,
            "grant": [
              {
                "id": "f8e599435c80cb7d8dffdf1874e76a3861683856870d73bbb1673744fa0896e5",
                "permissions": [
                  "FULL_CONTROL"
                ],
                "type": "CanonicalUser",
                "uri": ""
              }
            ],
            "hosted_zone_id": "Z3AQBSTGFYJSTF",
            "id": "ecs-cicd-webapp-artifacts-9969b3c1",
            "lifecycle_rule": [],
            "logging": [],
            "object_lock_configuration": [],
            "object_lock_enabled": false,
            "policy": "",
            "region": "us-east-1",
            "replication_configuration": [],
            "request_payer": "BucketOwner",
            "server_side_encryption_configuration": [
              {
                "rule": [
                  {
                    "apply_server_side_encryption_by_default": [
                      {
                        "kms_master_key_id": "",
                        "sse_algorithm": "AES256"
                      }
                    ],
                    "bucket_key_enabled": false
                  }
                ]
              }
            ],
            "tags": {
              "ManagedBy": "Terraform",
              "Project": "ecs-cicd-webapp"
            },
            "tags_all": {
              "ManagedBy": "Terraform",
              "Project": "ecs-cicd-webapp"
            },
            "timeouts": null,
            "versioning": [
              {
                "enabled": false,
                "mfa_delete": false
              }
            ],
            "website": [],
            "website_domain": null,
            "website_endpoint": null
          },
          "sensitive_attributes": [],
          "identity_schema_version": 0,
          "private": "eyJlMmJmYjczMC1lY2FhLTExZTYtOGY4OC0zNDM2M2JjN2M0YzAiOnsiY3JlYXRlIjoxMjAwMDAwMDAwMDAwLCJkZWxldGUiOjM2MDAwMDAwMDAwMDAsInJlYWQiOjEyMDAwMDAwMDAwMDAsInVwZGF0ZSI6MTIwMDAwMDAwMDAwMH19",
          "dependencies": [
            "random_id.suffix"
          ]
        }
      ]
    },
    {
      "mode": "managed",
      "type": "aws_s3_bucket_public_access_block",
      "name": "artifacts",
      "provider": "provider[\"registry.terraform.io/hashicorp/aws\"]",
      "instances": [
        {
          "schema_version": 0,
          "attributes": {
            "block_public_acls": true,
            "block_public_policy": true,
            "bucket": "ecs-cicd-webapp-artifacts-9969b3c1",
            "id": "ecs-cicd-webapp-artifacts-9969b3c1",
            "ignore_public_acls": true,
            "restrict_public_buckets": true
          },
          "sensitive_attributes": [],
          "identity_schema_version": 0,
          "private": "bnVsbA==",
          "dependencies": [
            "aws_s3_bucket.artifacts",
            "random_id.suffix"
          ]
        }
      ]
    },
    {
      "mode": "managed",
      "type": "aws_s3_bucket_server_side_encryption_configuration",
      "name": "artifacts",
      "provider": "provider[\"registry.terraform.io/hashicorp/aws\"]",
      "instances": [
        {
          "schema_version": 0,
          "attributes": {
            "bucket": "ecs-cicd-webapp-artifacts-9969b3c1",
            "expected_bucket_owner": "",
            "id": "ecs-cicd-webapp-artifacts-9969b3c1",
            "rule": [
              {
                "apply_server_side_encryption_by_default": [
                  {
                    "kms_master_key_id": "",
                    "sse_algorithm": "AES256"
                  }
                ],
                "bucket_key_enabled": null
              }
            ]
          },
          "sensitive_attributes": [],
          "identity_schema_version": 0,
          "private": "bnVsbA==",
          "dependencies": [
            "aws_s3_bucket.artifacts",
            "random_id.suffix"
          ]
        }
      ]
    },
    {
      "mode": "managed",
      "type": "aws_security_group",
      "name": "alb",
      "provider": "provider[\"registry.terraform.io/hashicorp/aws\"]",
      "instances": [
        {
          "schema_version": 1,
          "attributes": {
            "arn": "arn:aws:ec2:us-east-1:439055360934:security-group/sg-04dc3aab0f32516cf",
            "description": "Allow HTTP from the internet",
            "egress": [
              {
                "cidr_blocks": [
                  "0.0.0.0/0"
                ],
                "description": "",
                "from_port": 0,
                "ipv6_cidr_blocks": [],
                "prefix_list_ids": [],
                "protocol": "-1",
                "security_groups": [],
                "self": false,
                "to_port": 0
              }
            ],
            "id": "sg-04dc3aab0f32516cf",
            "ingress": [
              {
                "cidr_blocks": [
                  "0.0.0.0/0"
                ],
                "description": "",
                "from_port": 80,
                "ipv6_cidr_blocks": [],
                "prefix_list_ids": [],
                "protocol": "tcp",
                "security_groups": [],
                "self": false,
                "to_port": 80
              }
            ],
            "name": "ecs-cicd-webapp-alb-sg",
            "name_prefix": "",
            "owner_id": "439055360934",
            "revoke_rules_on_delete": false,
            "tags": {
              "ManagedBy": "Terraform",
              "Project": "ecs-cicd-webapp"
            },
            "tags_all": {
              "ManagedBy": "Terraform",
              "Project": "ecs-cicd-webapp"
            },
            "timeouts": null,
            "vpc_id": "vpc-07151a48f59030694"
          },
          "sensitive_attributes": [],
          "identity_schema_version": 0,
          "private": "eyJlMmJmYjczMC1lY2FhLTExZTYtOGY4OC0zNDM2M2JjN2M0YzAiOnsiY3JlYXRlIjo2MDAwMDAwMDAwMDAsImRlbGV0ZSI6OTAwMDAwMDAwMDAwfSwic2NoZW1hX3ZlcnNpb24iOiIxIn0=",
          "dependencies": [
            "aws_vpc.main"
          ]
        }
      ]
    },
    {
      "mode": "managed",
      "type": "aws_security_group",
      "name": "ecs_tasks",
      "provider": "provider[\"registry.terraform.io/hashicorp/aws\"]",
      "instances": [
        {
          "schema_version": 1,
          "attributes": {
            "arn": "arn:aws:ec2:us-east-1:439055360934:security-group/sg-00add921ff6feb0db",
            "description": "Allow traffic from ALB to ECS tasks",
            "egress": [
              {
                "cidr_blocks": [
                  "0.0.0.0/0"
                ],
                "description": "",
                "from_port": 0,
                "ipv6_cidr_blocks": [],
                "prefix_list_ids": [],
                "protocol": "-1",
                "security_groups": [],
                "self": false,
                "to_port": 0
              }
            ],
            "id": "sg-00add921ff6feb0db",
            "ingress": [
              {
                "cidr_blocks": [],
                "description": "",
                "from_port": 8000,
                "ipv6_cidr_blocks": [],
                "prefix_list_ids": [],
                "protocol": "tcp",
                "security_groups": [
                  "sg-04dc3aab0f32516cf"
                ],
                "self": false,
                "to_port": 8000
              }
            ],
            "name": "ecs-cicd-webapp-ecs-task-sg",
            "name_prefix": "",
            "owner_id": "439055360934",
            "revoke_rules_on_delete": false,
            "tags": {
              "ManagedBy": "Terraform",
              "Project": "ecs-cicd-webapp"
            },
            "tags_all": {
              "ManagedBy": "Terraform",
              "Project": "ecs-cicd-webapp"
            },
            "timeouts": null,
            "vpc_id": "vpc-07151a48f59030694"
          },
          "sensitive_attributes": [],
          "identity_schema_version": 0,
          "private": "eyJlMmJmYjczMC1lY2FhLTExZTYtOGY4OC0zNDM2M2JjN2M0YzAiOnsiY3JlYXRlIjo2MDAwMDAwMDAwMDAsImRlbGV0ZSI6OTAwMDAwMDAwMDAwfSwic2NoZW1hX3ZlcnNpb24iOiIxIn0=",
          "dependencies": [
            "aws_security_group.alb",
            "aws_vpc.main"
          ]
        }
      ]
    },
    {
      "mode": "managed",
      "type": "aws_sns_topic",
      "name": "pipeline",
      "provider": "provider[\"registry.terraform.io/hashicorp/aws\"]",
      "instances": [
        {
          "schema_version": 0,
          "attributes": {
            "application_failure_feedback_role_arn": "",
            "application_success_feedback_role_arn": "",
            "application_success_feedback_sample_rate": 0,
            "archive_policy": "",
            "arn": "arn:aws:sns:us-east-1:439055360934:ecs-cicd-webapp-pipeline-alerts",
            "beginning_archive_time": "",
            "content_based_deduplication": false,
            "delivery_policy": "",
            "display_name": "",
            "fifo_throughput_scope": "",
            "fifo_topic": false,
            "firehose_failure_feedback_role_arn": "",
            "firehose_success_feedback_role_arn": "",
            "firehose_success_feedback_sample_rate": 0,
            "http_failure_feedback_role_arn": "",
            "http_success_feedback_role_arn": "",
            "http_success_feedback_sample_rate": 0,
            "id": "arn:aws:sns:us-east-1:439055360934:ecs-cicd-webapp-pipeline-alerts",
            "kms_master_key_id": "",
            "lambda_failure_feedback_role_arn": "",
            "lambda_success_feedback_role_arn": "",
            "lambda_success_feedback_sample_rate": 0,
            "name": "ecs-cicd-webapp-pipeline-alerts",
            "name_prefix": "",
            "owner": "439055360934",
            "policy": "{\"Id\":\"__default_policy_ID\",\"Statement\":[{\"Action\":[\"SNS:GetTopicAttributes\",\"SNS:SetTopicAttributes\",\"SNS:AddPermission\",\"SNS:RemovePermission\",\"SNS:DeleteTopic\",\"SNS:Subscribe\",\"SNS:ListSubscriptionsByTopic\",\"SNS:Publish\"],\"Condition\":{\"StringEquals\":{\"AWS:SourceOwner\":\"439055360934\"}},\"Effect\":\"Allow\",\"Principal\":{\"AWS\":\"*\"},\"Resource\":\"arn:aws:sns:us-east-1:439055360934:ecs-cicd-webapp-pipeline-alerts\",\"Sid\":\"__default_statement_ID\"}],\"Version\":\"2008-10-17\"}",
            "signature_version": 0,
            "sqs_failure_feedback_role_arn": "",
            "sqs_success_feedback_role_arn": "",
            "sqs_success_feedback_sample_rate": 0,
            "tags": {
              "ManagedBy": "Terraform",
              "Project": "ecs-cicd-webapp"
            },
            "tags_all": {
              "ManagedBy": "Terraform",
              "Project": "ecs-cicd-webapp"
            },
            "tracing_config": ""
          },
          "sensitive_attributes": [],
          "identity_schema_version": 0,
          "private": "bnVsbA=="
        }
      ]
    },
    {
      "mode": "managed",
      "type": "aws_sns_topic_subscription",
      "name": "email",
      "provider": "provider[\"registry.terraform.io/hashicorp/aws\"]",
      "instances": [
        {
          "schema_version": 0,
          "attributes": {
            "arn": "arn:aws:sns:us-east-1:439055360934:ecs-cicd-webapp-pipeline-alerts:860d6613-a61c-4e20-9ea5-564e052b4ada",
            "confirmation_timeout_in_minutes": 1,
            "confirmation_was_authenticated": false,
            "delivery_policy": "",
            "endpoint": "ltheo.mohlomi@gmail.com",
            "endpoint_auto_confirms": false,
            "filter_policy": "",
            "filter_policy_scope": "",
            "id": "arn:aws:sns:us-east-1:439055360934:ecs-cicd-webapp-pipeline-alerts:860d6613-a61c-4e20-9ea5-564e052b4ada",
            "owner_id": "439055360934",
            "pending_confirmation": true,
            "protocol": "email",
            "raw_message_delivery": false,
            "redrive_policy": "",
            "replay_policy": "",
            "subscription_role_arn": "",
            "topic_arn": "arn:aws:sns:us-east-1:439055360934:ecs-cicd-webapp-pipeline-alerts"
          },
          "sensitive_attributes": [],
          "identity_schema_version": 0,
          "private": "bnVsbA==",
          "dependencies": [
            "aws_sns_topic.pipeline"
          ]
        }
      ]
    },
    {
      "mode": "managed",
      "type": "aws_subnet",
      "name": "public",
      "provider": "provider[\"registry.terraform.io/hashicorp/aws\"]",
      "instances": [
        {
          "index_key": 0,
          "schema_version": 1,
          "attributes": {
            "arn": "arn:aws:ec2:us-east-1:439055360934:subnet/subnet-0646cdb1f5fcf7e2d",
            "assign_ipv6_address_on_creation": false,
            "availability_zone": "us-east-1a",
            "availability_zone_id": "use1-az4",
            "cidr_block": "10.0.0.0/24",
            "customer_owned_ipv4_pool": "",
            "enable_dns64": false,
            "enable_lni_at_device_index": 0,
            "enable_resource_name_dns_a_record_on_launch": false,
            "enable_resource_name_dns_aaaa_record_on_launch": false,
            "id": "subnet-0646cdb1f5fcf7e2d",
            "ipv6_cidr_block": "",
            "ipv6_cidr_block_association_id": "",
            "ipv6_native": false,
            "map_customer_owned_ip_on_launch": false,
            "map_public_ip_on_launch": true,
            "outpost_arn": "",
            "owner_id": "439055360934",
            "private_dns_hostname_type_on_launch": "ip-name",
            "tags": {
              "ManagedBy": "Terraform",
              "Name": "ecs-cicd-webapp-public-subnet-1",
              "Project": "ecs-cicd-webapp"
            },
            "tags_all": {
              "ManagedBy": "Terraform",
              "Name": "ecs-cicd-webapp-public-subnet-1",
              "Project": "ecs-cicd-webapp"
            },
            "timeouts": null,
            "vpc_id": "vpc-07151a48f59030694"
          },
          "sensitive_attributes": [],
          "identity_schema_version": 0,
          "private": "eyJlMmJmYjczMC1lY2FhLTExZTYtOGY4OC0zNDM2M2JjN2M0YzAiOnsiY3JlYXRlIjo2MDAwMDAwMDAwMDAsImRlbGV0ZSI6MTIwMDAwMDAwMDAwMH0sInNjaGVtYV92ZXJzaW9uIjoiMSJ9",
          "dependencies": [
            "aws_vpc.main",
            "data.aws_availability_zones.available"
          ]
        },
        {
          "index_key": 1,
          "schema_version": 1,
          "attributes": {
            "arn": "arn:aws:ec2:us-east-1:439055360934:subnet/subnet-0af74fb9709fa813f",
            "assign_ipv6_address_on_creation": false,
            "availability_zone": "us-east-1b",
            "availability_zone_id": "use1-az6",
            "cidr_block": "10.0.1.0/24",
            "customer_owned_ipv4_pool": "",
            "enable_dns64": false,
            "enable_lni_at_device_index": 0,
            "enable_resource_name_dns_a_record_on_launch": false,
            "enable_resource_name_dns_aaaa_record_on_launch": false,
            "id": "subnet-0af74fb9709fa813f",
            "ipv6_cidr_block": "",
            "ipv6_cidr_block_association_id": "",
            "ipv6_native": false,
            "map_customer_owned_ip_on_launch": false,
            "map_public_ip_on_launch": true,
            "outpost_arn": "",
            "owner_id": "439055360934",
            "private_dns_hostname_type_on_launch": "ip-name",
            "tags": {
              "ManagedBy": "Terraform",
              "Name": "ecs-cicd-webapp-public-subnet-2",
              "Project": "ecs-cicd-webapp"
            },
            "tags_all": {
              "ManagedBy": "Terraform",
              "Name": "ecs-cicd-webapp-public-subnet-2",
              "Project": "ecs-cicd-webapp"
            },
            "timeouts": null,
            "vpc_id": "vpc-07151a48f59030694"
          },
          "sensitive_attributes": [],
          "identity_schema_version": 0,
          "private": "eyJlMmJmYjczMC1lY2FhLTExZTYtOGY4OC0zNDM2M2JjN2M0YzAiOnsiY3JlYXRlIjo2MDAwMDAwMDAwMDAsImRlbGV0ZSI6MTIwMDAwMDAwMDAwMH0sInNjaGVtYV92ZXJzaW9uIjoiMSJ9",
          "dependencies": [
            "aws_vpc.main",
            "data.aws_availability_zones.available"
          ]
        }
      ]
    },
    {
      "mode": "managed",
      "type": "aws_vpc",
      "name": "main",
      "provider": "provider[\"registry.terraform.io/hashicorp/aws\"]",
      "instances": [
        {
          "schema_version": 1,
          "attributes": {
            "arn": "arn:aws:ec2:us-east-1:439055360934:vpc/vpc-07151a48f59030694",
            "assign_generated_ipv6_cidr_block": false,
            "cidr_block": "10.0.0.0/16",
            "default_network_acl_id": "acl-07682b82958751dd2",
            "default_route_table_id": "rtb-05c5f6d551bb8d184",
            "default_security_group_id": "sg-0e05e7dd5d5abbd78",
            "dhcp_options_id": "dopt-011a9a22dc9b35f4a",
            "enable_dns_hostnames": true,
            "enable_dns_support": true,
            "enable_network_address_usage_metrics": false,
            "id": "vpc-07151a48f59030694",
            "instance_tenancy": "default",
            "ipv4_ipam_pool_id": null,
            "ipv4_netmask_length": null,
            "ipv6_association_id": "",
            "ipv6_cidr_block": "",
            "ipv6_cidr_block_network_border_group": "",
            "ipv6_ipam_pool_id": "",
            "ipv6_netmask_length": 0,
            "main_route_table_id": "rtb-05c5f6d551bb8d184",
            "owner_id": "439055360934",
            "tags": {
              "ManagedBy": "Terraform",
              "Name": "ecs-cicd-webapp-vpc",
              "Project": "ecs-cicd-webapp"
            },
            "tags_all": {
              "ManagedBy": "Terraform",
              "Name": "ecs-cicd-webapp-vpc",
              "Project": "ecs-cicd-webapp"
            }
          },
          "sensitive_attributes": [],
          "identity_schema_version": 0,
          "private": "eyJzY2hlbWFfdmVyc2lvbiI6IjEifQ=="
        }
      ]
    },
    {
      "mode": "managed",
      "type": "random_id",
      "name": "suffix",
      "provider": "provider[\"registry.terraform.io/hashicorp/random\"]",
      "instances": [
        {
          "schema_version": 0,
          "attributes": {
            "b64_std": "mWmzwQ==",
            "b64_url": "mWmzwQ",
            "byte_length": 4,
            "dec": "2573841345",
            "hex": "9969b3c1",
            "id": "mWmzwQ",
            "keepers": null,
            "prefix": null
          },
          "sensitive_attributes": [],
          "identity_schema_version": 0
        }
      ]
    }
  ],
  "check_results": null
}
