{
  "version": 4,
  "terraform_version": "1.15.5",
  "serial": 79,
  "lineage": "5f965d14-a04d-3edb-b833-df70177fd667",
  "outputs": {},
  "resources": [
    {
      "mode": "managed",
      "type": "aws_ecr_repository",
      "name": "app",
      "provider": "provider[\"registry.terraform.io/hashicorp/aws\"]",
      "instances": [
        {
          "schema_version": 0,
          "attributes": {
            "arn": "arn:aws:ecr:us-east-1:439055360934:repository/ecs-cicd-webapp",
            "encryption_configuration": [
              {
                "encryption_type": "AES256",
                "kms_key": ""
              }
            ],
            "force_delete": null,
            "id": "ecs-cicd-webapp",
            "image_scanning_configuration": [
              {
                "scan_on_push": true
              }
            ],
            "image_tag_mutability": "MUTABLE",
            "name": "ecs-cicd-webapp",
            "registry_id": "439055360934",
            "repository_url": "439055360934.dkr.ecr.us-east-1.amazonaws.com/ecs-cicd-webapp",
            "tags": {
              "ManagedBy": "Terraform",
              "Project": "ecs-cicd-webapp"
            },
            "tags_all": {
              "ManagedBy": "Terraform",
              "Project": "ecs-cicd-webapp"
            },
            "timeouts": null
          },
          "sensitive_attributes": [],
          "identity_schema_version": 0,
          "private": "eyJlMmJmYjczMC1lY2FhLTExZTYtOGY4OC0zNDM2M2JjN2M0YzAiOnsiZGVsZXRlIjoxMjAwMDAwMDAwMDAwfX0="
        }
      ]
    }
  ],
  "check_results": null
}
